
Microsoft Visual Studio Solution File, Format Version 12.00
# Visual Studio Version 16
VisualStudioVersion = 16.0.31112.23
MinimumVisualStudioVersion = 10.0.40219.1
Project("{FAE04EC0-301F-11D3-BF4B-00C04F79EFBC}") = "RoomBookingMVC", "RoomBookingMVC.csproj", "{F111EABB-D952-445D-AE86-864D85ACF989}"
EndProject
Global
	GlobalSection(SolutionConfigurationPlatforms) = preSolution
		Debug|Any CPU = Debug|Any CPU
		Release|Any CPU = Release|Any CPU
	EndGlobalSection
	GlobalSection(ProjectConfigurationPlatforms) = postSolution
		{F111EABB-D952-445D-AE86-864D85ACF989}.Debug|Any CPU.ActiveCfg = Debug|Any CPU
		{F111EABB-D952-445D-AE86-864D85ACF989}.Debug|Any CPU.Build.0 = Debug|Any CPU
		{F111EABB-D952-445D-AE86-864D85ACF989}.Release|Any CPU.ActiveCfg = Release|Any CPU
		{F111EABB-D952-445D-AE86-864D85ACF989}.Release|Any CPU.Build.0 = Release|Any CPU
	EndGlobalSection
	GlobalSection(SolutionProperties) = preSolution
		HideSolutionNode = FALSE
	EndGlobalSection
	GlobalSection(ExtensibilityGlobals) = postSolution
		SolutionGuid = {5D27593D-7AD9-4D20-8F98-9FAD9AAA52BC}
	EndGlobalSection
EndGlobal
